
Microsoft Visual Studio Solution File, Format Version 12.00
# Visual Studio Version 17
VisualStudioVersion = 17.5.002.0
MinimumVisualStudioVersion = 10.0.40219.1
Project("{9A19103F-16F7-4668-BE54-9A1E7A4F7556}") = "StockDataWebApp", "StockDataWebApp.csproj", "{1378117B-FA0D-4116-8918-F0A444A07191}"
EndProject
Global
	GlobalSection(SolutionConfigurationPlatforms) = preSolution
		Debug|Any CPU = Debug|Any CPU
		Release|Any CPU = Release|Any CPU
	EndGlobalSection
	GlobalSection(ProjectConfigurationPlatforms) = postSolution
		{1378117B-FA0D-4116-8918-F0A444A07191}.Debug|Any CPU.ActiveCfg = Debug|Any CPU
		{1378117B-FA0D-4116-8918-F0A444A07191}.Debug|Any CPU.Build.0 = Debug|Any CPU
		{1378117B-FA0D-4116-8918-F0A444A07191}.Release|Any CPU.ActiveCfg = Release|Any CPU
		{1378117B-FA0D-4116-8918-F0A444A07191}.Release|Any CPU.Build.0 = Release|Any CPU
	EndGlobalSection
	GlobalSection(SolutionProperties) = preSolution
		HideSolutionNode = FALSE
	EndGlobalSection
	GlobalSection(ExtensibilityGlobals) = postSolution
		SolutionGuid = {33F9DBC5-6FA7-40A2-880A-D400AB53966A}
	EndGlobalSection
EndGlobal
